
Microsoft Visual Studio Solution File, Format Version 12.00
# Visual Studio 15
Project("{FAE04EC0-301F-11D3-BF4B-00C04F79EFBC}") = "Project3.Plugins", "Project3.Plugins.csproj", "{78C714D9-DDCD-6B56-0430-0A9C1F92719A}"
EndProject
Project("{FAE04EC0-301F-11D3-BF4B-00C04F79EFBC}") = "Project3", "Project3.csproj", "{F4496D35-EB57-D50B-6C06-6163C3193E03}"
EndProject
Project("{FAE04EC0-301F-11D3-BF4B-00C04F79EFBC}") = "Project3.Editor.Plugins", "Project3.Editor.Plugins.csproj", "{E802C147-1F6B-221E-8E00-60B34C880267}"
EndProject
Global
	GlobalSection(SolutionConfigurationPlatforms) = preSolution
		Debug|Any CPU = Debug|Any CPU
		Release|Any CPU = Release|Any CPU
	EndGlobalSection
	GlobalSection(ProjectConfigurationPlatforms) = postSolution
		{78C714D9-DDCD-6B56-0430-0A9C1F92719A}.Debug|Any CPU.ActiveCfg = Debug|Any CPU
		{78C714D9-DDCD-6B56-0430-0A9C1F92719A}.Debug|Any CPU.Build.0 = Debug|Any CPU
		{78C714D9-DDCD-6B56-0430-0A9C1F92719A}.Release|Any CPU.ActiveCfg = Release|Any CPU
		{78C714D9-DDCD-6B56-0430-0A9C1F92719A}.Release|Any CPU.Build.0 = Release|Any CPU
		{F4496D35-EB57-D50B-6C06-6163C3193E03}.Debug|Any CPU.ActiveCfg = Debug|Any CPU
		{F4496D35-EB57-D50B-6C06-6163C3193E03}.Debug|Any CPU.Build.0 = Debug|Any CPU
		{F4496D35-EB57-D50B-6C06-6163C3193E03}.Release|Any CPU.ActiveCfg = Release|Any CPU
		{F4496D35-EB57-D50B-6C06-6163C3193E03}.Release|Any CPU.Build.0 = Release|Any CPU
		{E802C147-1F6B-221E-8E00-60B34C880267}.Debug|Any CPU.ActiveCfg = Debug|Any CPU
		{E802C147-1F6B-221E-8E00-60B34C880267}.Debug|Any CPU.Build.0 = Debug|Any CPU
		{E802C147-1F6B-221E-8E00-60B34C880267}.Release|Any CPU.ActiveCfg = Release|Any CPU
		{E802C147-1F6B-221E-8E00-60B34C880267}.Release|Any CPU.Build.0 = Release|Any CPU
	EndGlobalSection
	GlobalSection(SolutionProperties) = preSolution
		HideSolutionNode = FALSE
	EndGlobalSection
EndGlobal
